# This file is automatically @generated by Cargo.
# It is not intended for manual editing.
version = 4

[[package]]
name = "catgraph"
version = "0.1.0"

[[package]]
name = "catgraph-applied"
version = "0.1.0"

[[package]]
name = "catgraph-dl"
version = "0.1.0"

[[package]]
name = "catgraph-magnitude"
version = "0.1.0"

[[package]]
name = "catgraph-physics"
version = "0.1.0"
